{
  "originHash" : "45b975ee1f8a2678665dbbc9332314ab53d2d7001a5782345864f461d23e7ca0",
  "pins" : [
    {
      "identity" : "charts",
      "kind" : "remoteSourceControl",
      "location" : "https://github.com/ChartsOrg/Charts.git",
      "state" : {
        "revision" : "dd9c72e3d7e751e769971092a6bd72d39198ae63",
        "version" : "5.1.0"
      }
    },
    {
      "identity" : "pinlayout",
      "kind" : "remoteSourceControl",
      "location" : "https://github.com/layoutBox/PinLayout.git",
      "state" : {
        "revision" : "72f5300042618340df21500f6c4ce71bb78b93e1",
        "version" : "1.10.6"
      }
    }
  ],
  "version" : 3
}
